
Microsoft Visual Studio Solution File, Format Version 12.00
# Visual Studio 15
Project("{2150E333-8FDC-42A3-9474-1A3956D46DE8}") = "Domain", "Domain", "{B0490BA7-7B9F-47CC-9751-6F098F7DE60B}"
EndProject
Project("{2150E333-8FDC-42A3-9474-1A3956D46DE8}") = "Infra.Bus", "Infra.Bus", "{902F5526-E4BB-4CBD-B44C-AE74CFFD7F8A}"
EndProject
Project("{2150E333-8FDC-42A3-9474-1A3956D46DE8}") = "Infra.IoC", "Infra.IoC", "{4CAC1EEE-C49F-4396-987C-D82B9DE8AB59}"
EndProject
Project("{2150E333-8FDC-42A3-9474-1A3956D46DE8}") = "Microservices", "Microservices", "{0198DD0C-ADBB-42C8-8731-82B7FBE0995E}"
EndProject
Project("{2150E333-8FDC-42A3-9474-1A3956D46DE8}") = "Presentation", "Presentation", "{32E48DD0-A98B-430F-A027-277C298490EE}"
EndProject
Project("{FAE04EC0-301F-11D3-BF4B-00C04F79EFBC}") = "MicroRabbit.Domain.Core", "MicroRabbit.Domain.Core\MicroRabbit.Domain.Core.csproj", "{C1332A8E-D505-4357-8F79-0C63EAC0807C}"
EndProject
Project("{FAE04EC0-301F-11D3-BF4B-00C04F79EFBC}") = "MicroRabbit.Infra.Bus", "MicroRabbit.Infra.Bus\MicroRabbit.Infra.Bus.csproj", "{0DE57AF1-3D64-440C-BF7B-C5DBF9B7B499}"
EndProject
Project("{FAE04EC0-301F-11D3-BF4B-00C04F79EFBC}") = "MicroRabbit.Infra.IoC", "MicroRabbit.Infra.IoC\MicroRabbit.Infra.IoC.csproj", "{9CE6A823-8959-492B-9326-DECB9BB28644}"
EndProject
Project("{2150E333-8FDC-42A3-9474-1A3956D46DE8}") = "Banking", "Banking", "{C6E8609B-7CBE-43E8-AADC-08F61C59BE76}"
EndProject
Project("{2150E333-8FDC-42A3-9474-1A3956D46DE8}") = "Api", "Api", "{18131817-3F32-406C-AD90-41F819A20DF8}"
EndProject
Project("{2150E333-8FDC-42A3-9474-1A3956D46DE8}") = "Domain", "Domain", "{6A7FABA5-82C7-41AC-9A7D-F6EB9087EBF9}"
EndProject
Project("{2150E333-8FDC-42A3-9474-1A3956D46DE8}") = "Application", "Application", "{D6058136-E218-4903-821C-951F3285EEF8}"
EndProject
Project("{2150E333-8FDC-42A3-9474-1A3956D46DE8}") = "Data", "Data", "{9EFC3148-9BF8-447B-8832-05E4A8F2DEFC}"
EndProject
Project("{FAE04EC0-301F-11D3-BF4B-00C04F79EFBC}") = "MicroRabbit.Banking.Api", "MicroRabbit.Banking.Api\MicroRabbit.Banking.Api.csproj", "{D777095E-0EC0-4FFE-9879-67FD4F8036CA}"
EndProject
Project("{FAE04EC0-301F-11D3-BF4B-00C04F79EFBC}") = "MicroRabbit.Banking.Application", "MicroRabbit.Banking.Application\MicroRabbit.Banking.Application.csproj", "{E96B2100-4E09-4990-A770-21C805ED25D1}"
EndProject
Project("{FAE04EC0-301F-11D3-BF4B-00C04F79EFBC}") = "MicroRabbit.Banking.Data", "MicroRabbit.Banking.Data\MicroRabbit.Banking.Data.csproj", "{06957238-4491-4DAE-AF23-2BE7100E8571}"
EndProject
Project("{FAE04EC0-301F-11D3-BF4B-00C04F79EFBC}") = "MicroRabbit.Banking.Domain", "MicroRabbit.Banking.Domain\MicroRabbit.Banking.Domain.csproj", "{86F8F31A-2BA8-42E9-9B25-9BB095C3559C}"
EndProject
Global
	GlobalSection(SolutionConfigurationPlatforms) = preSolution
		Debug|Any CPU = Debug|Any CPU
		Release|Any CPU = Release|Any CPU
	EndGlobalSection
	GlobalSection(ProjectConfigurationPlatforms) = postSolution
		{C1332A8E-D505-4357-8F79-0C63EAC0807C}.Debug|Any CPU.ActiveCfg = Debug|Any CPU
		{C1332A8E-D505-4357-8F79-0C63EAC0807C}.Debug|Any CPU.Build.0 = Debug|Any CPU
		{C1332A8E-D505-4357-8F79-0C63EAC0807C}.Release|Any CPU.ActiveCfg = Release|Any CPU
		{C1332A8E-D505-4357-8F79-0C63EAC0807C}.Release|Any CPU.Build.0 = Release|Any CPU
		{0DE57AF1-3D64-440C-BF7B-C5DBF9B7B499}.Debug|Any CPU.ActiveCfg = Debug|Any CPU
		{0DE57AF1-3D64-440C-BF7B-C5DBF9B7B499}.Debug|Any CPU.Build.0 = Debug|Any CPU
		{0DE57AF1-3D64-440C-BF7B-C5DBF9B7B499}.Release|Any CPU.ActiveCfg = Release|Any CPU
		{0DE57AF1-3D64-440C-BF7B-C5DBF9B7B499}.Release|Any CPU.Build.0 = Release|Any CPU
		{9CE6A823-8959-492B-9326-DECB9BB28644}.Debug|Any CPU.ActiveCfg = Debug|Any CPU
		{9CE6A823-8959-492B-9326-DECB9BB28644}.Debug|Any CPU.Build.0 = Debug|Any CPU
		{9CE6A823-8959-492B-9326-DECB9BB28644}.Release|Any CPU.ActiveCfg = Release|Any CPU
		{9CE6A823-8959-492B-9326-DECB9BB28644}.Release|Any CPU.Build.0 = Release|Any CPU
		{D777095E-0EC0-4FFE-9879-67FD4F8036CA}.Debug|Any CPU.ActiveCfg = Debug|Any CPU
		{D777095E-0EC0-4FFE-9879-67FD4F8036CA}.Debug|Any CPU.Build.0 = Debug|Any CPU
		{D777095E-0EC0-4FFE-9879-67FD4F8036CA}.Release|Any CPU.ActiveCfg = Release|Any CPU
		{D777095E-0EC0-4FFE-9879-67FD4F8036CA}.Release|Any CPU.Build.0 = Release|Any CPU
		{E96B2100-4E09-4990-A770-21C805ED25D1}.Debug|Any CPU.ActiveCfg = Debug|Any CPU
		{E96B2100-4E09-4990-A770-21C805ED25D1}.Debug|Any CPU.Build.0 = Debug|Any CPU
		{E96B2100-4E09-4990-A770-21C805ED25D1}.Release|Any CPU.ActiveCfg = Release|Any CPU
		{E96B2100-4E09-4990-A770-21C805ED25D1}.Release|Any CPU.Build.0 = Release|Any CPU
		{06957238-4491-4DAE-AF23-2BE7100E8571}.Debug|Any CPU.ActiveCfg = Debug|Any CPU
		{06957238-4491-4DAE-AF23-2BE7100E8571}.Debug|Any CPU.Build.0 = Debug|Any CPU
		{06957238-4491-4DAE-AF23-2BE7100E8571}.Release|Any CPU.ActiveCfg = Release|Any CPU
		{06957238-4491-4DAE-AF23-2BE7100E8571}.Release|Any CPU.Build.0 = Release|Any CPU
		{86F8F31A-2BA8-42E9-9B25-9BB095C3559C}.Debug|Any CPU.ActiveCfg = Debug|Any CPU
		{86F8F31A-2BA8-42E9-9B25-9BB095C3559C}.Debug|Any CPU.Build.0 = Debug|Any CPU
		{86F8F31A-2BA8-42E9-9B25-9BB095C3559C}.Release|Any CPU.ActiveCfg = Release|Any CPU
		{86F8F31A-2BA8-42E9-9B25-9BB095C3559C}.Release|Any CPU.Build.0 = Release|Any CPU
	EndGlobalSection
	GlobalSection(NestedProjects) = preSolution
		{C1332A8E-D505-4357-8F79-0C63EAC0807C} = {B0490BA7-7B9F-47CC-9751-6F098F7DE60B}
		{0DE57AF1-3D64-440C-BF7B-C5DBF9B7B499} = {902F5526-E4BB-4CBD-B44C-AE74CFFD7F8A}
		{9CE6A823-8959-492B-9326-DECB9BB28644} = {4CAC1EEE-C49F-4396-987C-D82B9DE8AB59}
		{C6E8609B-7CBE-43E8-AADC-08F61C59BE76} = {0198DD0C-ADBB-42C8-8731-82B7FBE0995E}
		{18131817-3F32-406C-AD90-41F819A20DF8} = {C6E8609B-7CBE-43E8-AADC-08F61C59BE76}
		{6A7FABA5-82C7-41AC-9A7D-F6EB9087EBF9} = {C6E8609B-7CBE-43E8-AADC-08F61C59BE76}
		{D6058136-E218-4903-821C-951F3285EEF8} = {C6E8609B-7CBE-43E8-AADC-08F61C59BE76}
		{9EFC3148-9BF8-447B-8832-05E4A8F2DEFC} = {C6E8609B-7CBE-43E8-AADC-08F61C59BE76}
		{D777095E-0EC0-4FFE-9879-67FD4F8036CA} = {18131817-3F32-406C-AD90-41F819A20DF8}
		{E96B2100-4E09-4990-A770-21C805ED25D1} = {D6058136-E218-4903-821C-951F3285EEF8}
		{06957238-4491-4DAE-AF23-2BE7100E8571} = {9EFC3148-9BF8-447B-8832-05E4A8F2DEFC}
		{86F8F31A-2BA8-42E9-9B25-9BB095C3559C} = {6A7FABA5-82C7-41AC-9A7D-F6EB9087EBF9}
	EndGlobalSection
EndGlobal
